// !$*UTF8*$!
{
	archiveVersion = 1;
	classes = {
	};
	objectVersion = 46;
	objects = {

/* Begin PBXBuildFile section */
		F5867D141BC2C84C00B4F516 /* main.m in Sources */ = {isa = PBXBuildFile; fileRef = F5867D131BC2C84C00B4F516 /* main.m */; };
		F5867D171BC2C84C00B4F516 /* AppDelegate.m in Sources */ = {isa = PBXBuildFile; fileRef = F5867D161BC2C84C00B4F516 /* AppDelegate.m */; };
		F5867D1A1BC2C84C00B4F516 /* ViewController.m in Sources */ = {isa = PBXBuildFile; fileRef = F5867D191BC2C84C00B4F516 /* ViewController.m */; };
		F5867D1D1BC2C84C00B4F516 /* Main.storyboard in Resources */ = {isa = PBXBuildFile; fileRef = F5867D1B1BC2C84C00B4F516 /* Main.storyboard */; };
		F5867D1F1BC2C84C00B4F516 /* Assets.xcassets in Resources */ = {isa = PBXBuildFile; fileRef = F5867D1E1BC2C84C00B4F516 /* Assets.xcassets */; };
		F5867D221BC2C84C00B4F516 /* LaunchScreen.storyboard in Resources */ = {isa = PBXBuildFile; fileRef = F5867D201BC2C84C00B4F516 /* LaunchScreen.storyboard */; };
		F5867D2D1BC2C84C00B4F516 /* UIslider1Tests.m in Sources */ = {isa = PBXBuildFile; fileRef = F5867D2C1BC2C84C00B4F516 /* UIslider1Tests.m */; };
		F5867D381BC2C84C00B4F516 /* UIslider1UITests.m in Sources */ = {isa = PBXBuildFile; fileRef = F5867D371BC2C84C00B4F516 /* UIslider1UITests.m */; };
		F5867D4B1BC2C87800B4F516 /* MaxSpeaker.png in Resources */ = {isa = PBXBuildFile; fileRef = F5867D451BC2C87800B4F516 /* MaxSpeaker.png */; settings = {ASSET_TAGS = (); }; };
		F5867D4E1BC2C87800B4F516 /* MuteSpeaker.png in Resources */ = {isa = PBXBuildFile; fileRef = F5867D481BC2C87800B4F516 /* MuteSpeaker.png */; settings = {ASSET_TAGS = (); }; };
/* End PBXBuildFile section */

/* Begin PBXContainerItemProxy section */
		F5867D291BC2C84C00B4F516 /* PBXContainerItemProxy */ = {
			isa = PBXContainerItemProxy;
			containerPortal = F5867D071BC2C84C00B4F516 /* Project object */;
			proxyType = 1;
			remoteGlobalIDString = F5867D0E1BC2C84C00B4F516;
			remoteInfo = UIslider1;
		};
		F5867D341BC2C84C00B4F516 /* PBXContainerItemProxy */ = {
			isa = PBXContainerItemProxy;
			containerPortal = F5867D071BC2C84C00B4F516 /* Project object */;
			proxyType = 1;
			remoteGlobalIDString = F5867D0E1BC2C84C00B4F516;
			remoteInfo = UIslider1;
		};
/* End PBXContainerItemProxy section */

/* Begin PBXFileReference section */
		F5867D0F1BC2C84C00B4F516 /* UIslider1.app */ = {isa = PBXFileReference; explicitFileType = wrapper.application; includeInIndex = 0; path = UIslider1.app; sourceTree = BUILT_PRODUCTS_DIR; };
		F5867D131BC2C84C00B4F516 /* main.m */ = {isa = PBXFileReference; lastKnownFileType = sourcecode.c.objc; path = main.m; sourceTree = "<group>"; };
		F5867D151BC2C84C00B4F516 /* AppDelegate.h */ = {isa = PBXFileReference; lastKnownFileType = sourcecode.c.h; path = AppDelegate.h; sourceTree = "<group>"; };
		F5867D161BC2C84C00B4F516 /* AppDelegate.m */ = {isa = PBXFileReference; lastKnownFileType = sourcecode.c.objc; path = AppDelegate.m; sourceTree = "<group>"; };
		F5867D181BC2C84C00B4F516 /* ViewController.h */ = {isa = PBXFileReference; lastKnownFileType = sourcecode.c.h; path = ViewController.h; sourceTree = "<group>"; };
		F5867D191BC2C84C00B4F516 /* ViewController.m */ = {isa = PBXFileReference; lastKnownFileType = sourcecode.c.objc; path = ViewController.m; sourceTree = "<group>"; };
		F5867D1C1BC2C84C00B4F516 /* Base */ = {isa = PBXFileReference; lastKnownFileType = file.storyboard; name = Base; path = Base.lproj/Main.storyboard; sourceTree = "<group>"; };
		F5867D1E1BC2C84C00B4F516 /* Assets.xcassets */ = {isa = PBXFileReference; lastKnownFileType = folder.assetcatalog; path = Assets.xcassets; sourceTree = "<group>"; };
		F5867D211BC2C84C00B4F516 /* Base */ = {isa = PBXFileReference; lastKnownFileType = file.storyboard; name = Base; path = Base.lproj/LaunchScreen.storyboard; sourceTree = "<group>"; };
		F5867D231BC2C84C00B4F516 /* Info.plist */ = {isa = PBXFileReference; lastKnownFileType = text.plist.xml; path = Info.plist; sourceTree = "<group>"; };
		F5867D281BC2C84C00B4F516 /* UIslider1Tests.xctest */ = {isa = PBXFileReference; explicitFileType = wrapper.cfbundle; includeInIndex = 0; path = UIslider1Tests.xctest; sourceTree = BUILT_PRODUCTS_DIR; };
		F5867D2C1BC2C84C00B4F516 /* UIslider1Tests.m */ = {isa = PBXFileReference; lastKnownFileType = sourcecode.c.objc; path = UIslider1Tests.m; sourceTree = "<group>"; };
		F5867D2E1BC2C84C00B4F516 /* Info.plist */ = {isa = PBXFileReference; lastKnownFileType = text.plist.xml; path = Info.plist; sourceTree = "<group>"; };
		F5867D331BC2C84C00B4F516 /* UIslider1UITests.xctest */ = {isa = PBXFileReference; explicitFileType = wrapper.cfbundle; includeInIndex = 0; path = UIslider1UITests.xctest; sourceTree = BUILT_PRODUCTS_DIR; };
		F5867D371BC2C84C00B4F516 /* UIslider1UITests.m */ = {isa = PBXFileReference; lastKnownFileType = sourcecode.c.objc; path = UIslider1UITests.m; sourceTree = "<group>"; };
		F5867D391BC2C84C00B4F516 /* Info.plist */ = {isa = PBXFileReference; lastKnownFileType = text.plist.xml; path = Info.plist; sourceTree = "<group>"; };
		F5867D451BC2C87800B4F516 /* MaxSpeaker.png */ = {isa = PBXFileReference; lastKnownFileType = image.png; path = MaxSpeaker.png; sourceTree = "<group>"; };
		F5867D481BC2C87800B4F516 /* MuteSpeaker.png */ = {isa = PBXFileReference; lastKnownFileType = image.png; path = MuteSpeaker.png; sourceTree = "<group>"; };
/* End PBXFileReference section */

/* Begin PBXFrameworksBuildPhase section */
		F5867D0C1BC2C84C00B4F516 /* Frameworks */ = {
			isa = PBXFrameworksBuildPhase;
			buildActionMask = 2147483647;
			files = (
			);
			runOnlyForDeploymentPostprocessing = 0;
		};
		F5867D251BC2C84C00B4F516 /* Frameworks */ = {
			isa = PBXFrameworksBuildPhase;
			buildActionMask = 2147483647;
			files = (
			);
			runOnlyForDeploymentPostprocessing = 0;
		};
		F5867D301BC2C84C00B4F516 /* Frameworks */ = {
			isa = PBXFrameworksBuildPhase;
			buildActionMask = 2147483647;
			files = (
			);
			runOnlyForDeploymentPostprocessing = 0;
		};
/* End PBXFrameworksBuildPhase section */

/* Begin PBXGroup section */
		F5867D061BC2C84C00B4F516 = {
			isa = PBXGroup;
			children = (
				F5867D111BC2C84C00B4F516 /* UIslider1 */,
				F5867D2B1BC2C84C00B4F516 /* UIslider1Tests */,
				F5867D361BC2C84C00B4F516 /* UIslider1UITests */,
				F5867D101BC2C84C00B4F516 /* Products */,
			);
			sourceTree = "<group>";
		};
		F5867D101BC2C84C00B4F516 /* Products */ = {
			isa = PBXGroup;
			children = (
				F5867D0F1BC2C84C00B4F516 /* UIslider1.app */,
				F5867D281BC2C84C00B4F516 /* UIslider1Tests.xctest */,
				F5867D331BC2C84C00B4F516 /* UIslider1UITests.xctest */,
			);
			name = Products;
			sourceTree = "<group>";
		};
		F5867D111BC2C84C00B4F516 /* UIslider1 */ = {
			isa = PBXGroup;
			children = (
				F5867D451BC2C87800B4F516 /* MaxSpeaker.png */,
				F5867D481BC2C87800B4F516 /* MuteSpeaker.png */,
				F5867D151BC2C84C00B4F516 /* AppDelegate.h */,
				F5867D161BC2C84C00B4F516 /* AppDelegate.m */,
				F5867D181BC2C84C00B4F516 /* ViewController.h */,
				F5867D191BC2C84C00B4F516 /* ViewController.m */,
				F5867D1B1BC2C84C00B4F516 /* Main.storyboard */,
				F5867D1E1BC2C84C00B4F516 /* Assets.xcassets */,
				F5867D201BC2C84C00B4F516 /* LaunchScreen.storyboard */,
				F5867D231BC2C84C00B4F516 /* Info.plist */,
				F5867D121BC2C84C00B4F516 /* Supporting Files */,
			);
			path = UIslider1;
			sourceTree = "<group>";
		};
		F5867D121BC2C84C00B4F516 /* Supporting Files */ = {
			isa = PBXGroup;
			children = (
				F5867D131BC2C84C00B4F516 /* main.m */,
			);
			name = "Supporting Files";
			sourceTree = "<group>";
		};
		F5867D2B1BC2C84C00B4F516 /* UIslider1Tests */ = {
			isa = PBXGroup;
			children = (
				F5867D2C1BC2C84C00B4F516 /* UIslider1Tests.m */,
				F5867D2E1BC2C84C00B4F516 /* Info.plist */,
			);
			path = UIslider1Tests;
			sourceTree = "<group>";
		};
		F5867D361BC2C84C00B4F516 /* UIslider1UITests */ = {
			isa = PBXGroup;
			children = (
				F5867D371BC2C84C00B4F516 /* UIslider1UITests.m */,
				F5867D391BC2C84C00B4F516 /* Info.plist */,
			);
			path = UIslider1UITests;
			sourceTree = "<group>";
		};
/* End PBXGroup section */

/* Begin PBXNativeTarget section */
		F5867D0E1BC2C84C00B4F516 /* UIslider1 */ = {
			isa = PBXNativeTarget;
			buildConfigurationList = F5867D3C1BC2C84C00B4F516 /* Build configuration list for PBXNativeTarget "UIslider1" */;
			buildPhases = (
				F5867D0B1BC2C84C00B4F516 /* Sources */,
				F5867D0C1BC2C84C00B4F516 /* Frameworks */,
				F5867D0D1BC2C84C00B4F516 /* Resources */,
			);
			buildRules = (
			);
			dependencies = (
			);
			name = UIslider1;
			productName = UIslider1;
			productReference = F5867D0F1BC2C84C00B4F516 /* UIslider1.app */;
			productType = "com.apple.product-type.application";
		};
		F5867D271BC2C84C00B4F516 /* UIslider1Tests */ = {
			isa = PBXNativeTarget;
			buildConfigurationList = F5867D3F1BC2C84C00B4F516 /* Build configuration list for PBXNativeTarget "UIslider1Tests" */;
			buildPhases = (
				F5867D241BC2C84C00B4F516 /* Sources */,
				F5867D251BC2C84C00B4F516 /* Frameworks */,
				F5867D261BC2C84C00B4F516 /* Resources */,
			);
			buildRules = (
			);
			dependencies = (
				F5867D2A1BC2C84C00B4F516 /* PBXTargetDependency */,
			);
			name = UIslider1Tests;
			productName = UIslider1Tests;
			productReference = F5867D281BC2C84C00B4F516 /* UIslider1Tests.xctest */;
			productType = "com.apple.product-type.bundle.unit-test";
		};
		F5867D321BC2C84C00B4F516 /* UIslider1UITests */ = {
			isa = PBXNativeTarget;
			buildConfigurationList = F5867D421BC2C84C00B4F516 /* Build configuration list for PBXNativeTarget "UIslider1UITests" */;
			buildPhases = (
				F5867D2F1BC2C84C00B4F516 /* Sources */,
				F5867D301BC2C84C00B4F516 /* Frameworks */,
				F5867D311BC2C84C00B4F516 /* Resources */,
			);
			buildRules = (
			);
			dependencies = (
				F5867D351BC2C84C00B4F516 /* PBXTargetDependency */,
			);
			name = UIslider1UITests;
			productName = UIslider1UITests;
			productReference = F5867D331BC2C84C00B4F516 /* UIslider1UITests.xctest */;
			productType = "com.apple.product-type.bundle.ui-testing";
		};
/* End PBXNativeTarget section */

/* Begin PBXProject section */
		F5867D071BC2C84C00B4F516 /* Project object */ = {
			isa = PBXProject;
			attributes = {
				LastUpgradeCheck = 0700;
				ORGANIZATIONNAME = baotrung;
				TargetAttributes = {
					F5867D0E1BC2C84C00B4F516 = {
						CreatedOnToolsVersion = 7.0;
					};
					F5867D271BC2C84C00B4F516 = {
						CreatedOnToolsVersion = 7.0;
						TestTargetID = F5867D0E1BC2C84C00B4F516;
					};
					F5867D321BC2C84C00B4F516 = {
						CreatedOnToolsVersion = 7.0;
						TestTargetID = F5867D0E1BC2C84C00B4F516;
					};
				};
			};
			buildConfigurationList = F5867D0A1BC2C84C00B4F516 /* Build configuration list for PBXProject "UIslider1" */;
			compatibilityVersion = "Xcode 3.2";
			developmentRegion = English;
			hasScannedForEncodings = 0;
			knownRegions = (
				en,
				Base,
			);
			mainGroup = F5867D061BC2C84C00B4F516;
			productRefGroup = F5867D101BC2C84C00B4F516 /* Products */;
			projectDirPath = "";
			projectRoot = "";
			targets = (
				F5867D0E1BC2C84C00B4F516 /* UIslider1 */,
				F5867D271BC2C84C00B4F516 /* UIslider1Tests */,
				F5867D321BC2C84C00B4F516 /* UIslider1UITests */,
			);
		};
/* End PBXProject section */

/* Begin PBXResourcesBuildPhase section */
		F5867D0D1BC2C84C00B4F516 /* Resources */ = {
			isa = PBXResourcesBuildPhase;
			buildActionMask = 2147483647;
			files = (
				F5867D4E1BC2C87800B4F516 /* MuteSpeaker.png in Resources */,
				F5867D221BC2C84C00B4F516 /* LaunchScreen.storyboard in Resources */,
				F5867D1F1BC2C84C00B4F516 /* Assets.xcassets in Resources */,
				F5867D4B1BC2C87800B4F516 /* MaxSpeaker.png in Resources */,
				F5867D1D1BC2C84C00B4F516 /* Main.storyboard in Resources */,
			);
			runOnlyForDeploymentPostprocessing = 0;
		};
		F5867D261BC2C84C00B4F516 /* Resources */ = {
			isa = PBXResourcesBuildPhase;
			buildActionMask = 2147483647;
			files = (
			);
			runOnlyForDeploymentPostprocessing = 0;
		};
		F5867D311BC2C84C00B4F516 /* Resources */ = {
			isa = PBXResourcesBuildPhase;
			buildActionMask = 2147483647;
			files = (
			);
			runOnlyForDeploymentPostprocessing = 0;
		};
/* End PBXResourcesBuildPhase section */

/* Begin PBXSourcesBuildPhase section */
		F5867D0B1BC2C84C00B4F516 /* Sources */ = {
			isa = PBXSourcesBuildPhase;
			buildActionMask = 2147483647;
			files = (
				F5867D1A1BC2C84C00B4F516 /* ViewController.m in Sources */,
				F5867D171BC2C84C00B4F516 /* AppDelegate.m in Sources */,
				F5867D141BC2C84C00B4F516 /* main.m in Sources */,
			);
			runOnlyForDeploymentPostprocessing = 0;
		};
		F5867D241BC2C84C00B4F516 /* Sources */ = {
			isa = PBXSourcesBuildPhase;
			buildActionMask = 2147483647;
			files = (
				F5867D2D1BC2C84C00B4F516 /* UIslider1Tests.m in Sources */,
			);
			runOnlyForDeploymentPostprocessing = 0;
		};
		F5867D2F1BC2C84C00B4F516 /* Sources */ = {
			isa = PBXSourcesBuildPhase;
			buildActionMask = 2147483647;
			files = (
				F5867D381BC2C84C00B4F516 /* UIslider1UITests.m in Sources */,
			);
			runOnlyForDeploymentPostprocessing = 0;
		};
/* End PBXSourcesBuildPhase section */

/* Begin PBXTargetDependency section */
		F5867D2A1BC2C84C00B4F516 /* PBXTargetDependency */ = {
			isa = PBXTargetDependency;
			target = F5867D0E1BC2C84C00B4F516 /* UIslider1 */;
			targetProxy = F5867D291BC2C84C00B4F516 /* PBXContainerItemProxy */;
		};
		F5867D351BC2C84C00B4F516 /* PBXTargetDependency */ = {
			isa = PBXTargetDependency;
			target = F5867D0E1BC2C84C00B4F516 /* UIslider1 */;
			targetProxy = F5867D341BC2C84C00B4F516 /* PBXContainerItemProxy */;
		};
/* End PBXTargetDependency section */

/* Begin PBXVariantGroup section */
		F5867D1B1BC2C84C00B4F516 /* Main.storyboard */ = {
			isa = PBXVariantGroup;
			children = (
				F5867D1C1BC2C84C00B4F516 /* Base */,
			);
			name = Main.storyboard;
			sourceTree = "<group>";
		};
		F5867D201BC2C84C00B4F516 /* LaunchScreen.storyboard */ = {
			isa = PBXVariantGroup;
			children = (
				F5867D211BC2C84C00B4F516 /* Base */,
			);
			name = LaunchScreen.storyboard;
			sourceTree = "<group>";
		};
/* End PBXVariantGroup section */

/* Begin XCBuildConfiguration section */
		F5867D3A1BC2C84C00B4F516 /* Debug */ = {
			isa = XCBuildConfiguration;
			buildSettings = {
				ALWAYS_SEARCH_USER_PATHS = NO;
				CLANG_CXX_LANGUAGE_STANDARD = "gnu++0x";
				CLANG_CXX_LIBRARY = "libc++";
				CLANG_ENABLE_MODULES = YES;
				CLANG_ENABLE_OBJC_ARC = YES;
				CLANG_WARN_BOOL_CONVERSION = YES;
				CLANG_WARN_CONSTANT_CONVERSION = YES;
				CLANG_WARN_DIRECT_OBJC_ISA_USAGE = YES_ERROR;
				CLANG_WARN_EMPTY_BODY = YES;
				CLANG_WARN_ENUM_CONVERSION = YES;
				CLANG_WARN_INT_CONVERSION = YES;
				CLANG_WARN_OBJC_ROOT_CLASS = YES_ERROR;
				CLANG_WARN_UNREACHABLE_CODE = YES;
				CLANG_WARN__DUPLICATE_METHOD_MATCH = YES;
				"CODE_SIGN_IDENTITY[sdk=iphoneos*]" = "iPhone Developer";
				COPY_PHASE_STRIP = NO;
				DEBUG_INFORMATION_FORMAT = dwarf;
				ENABLE_STRICT_OBJC_MSGSEND = YES;
				ENABLE_TESTABILITY = YES;
				GCC_C_LANGUAGE_STANDARD = gnu99;
				GCC_DYNAMIC_NO_PIC = NO;
				GCC_NO_COMMON_BLOCKS = YES;
				GCC_OPTIMIZATION_LEVEL = 0;
				GCC_PREPROCESSOR_DEFINITIONS = (
					"DEBUG=1",
					"$(inherited)",
				);
				GCC_WARN_64_TO_32_BIT_CONVERSION = YES;
				GCC_WARN_ABOUT_RETURN_TYPE = YES_ERROR;
				GCC_WARN_UNDECLARED_SELECTOR = YES;
				GCC_WARN_UNINITIALIZED_AUTOS = YES_AGGRESSIVE;
				GCC_WARN_UNUSED_FUNCTION = YES;
				GCC_WARN_UNUSED_VARIABLE = YES;
				IPHONEOS_DEPLOYMENT_TARGET = 9.0;
				MTL_ENABLE_DEBUG_INFO = YES;
				ONLY_ACTIVE_ARCH = YES;
				SDKROOT = iphoneos;
			};
			name = Debug;
		};
		F5867D3B1BC2C84C00B4F516 /* Release */ = {
			isa = XCBuildConfiguration;
			buildSettings = {
				ALWAYS_SEARCH_USER_PATHS = NO;
				CLANG_CXX_LANGUAGE_STANDARD = "gnu++0x";
				CLANG_CXX_LIBRARY = "libc++";
				CLANG_ENABLE_MODULES = YES;
				CLANG_ENABLE_OBJC_ARC = YES;
				CLANG_WARN_BOOL_CONVERSION = YES;
				CLANG_WARN_CONSTANT_CONVERSION = YES;
				CLANG_WARN_DIRECT_OBJC_ISA_USAGE = YES_ERROR;
				CLANG_WARN_EMPTY_BODY = YES;
				CLANG_WARN_ENUM_CONVERSION = YES;
				CLANG_WARN_INT_CONVERSION = YES;
				CLANG_WARN_OBJC_ROOT_CLASS = YES_ERROR;
				CLANG_WARN_UNREACHABLE_CODE = YES;
				CLANG_WARN__DUPLICATE_METHOD_MATCH = YES;
				"CODE_SIGN_IDENTITY[sdk=iphoneos*]" = "iPhone Developer";
				COPY_PHASE_STRIP = NO;
				DEBUG_INFORMATION_FORMAT = "dwarf-with-dsym";
				ENABLE_NS_ASSERTIONS = NO;
				ENABLE_STRICT_OBJC_MSGSEND = YES;
				GCC_C_LANGUAGE_STANDARD = gnu99;
				GCC_NO_COMMON_BLOCKS = YES;
				GCC_WARN_64_TO_32_BIT_CONVERSION = YES;
				GCC_WARN_ABOUT_RETURN_TYPE = YES_ERROR;
				GCC_WARN_UNDECLARED_SELECTOR = YES;
				GCC_WARN_UNINITIALIZED_AUTOS = YES_AGGRESSIVE;
				GCC_WARN_UNUSED_FUNCTION = YES;
				GCC_WARN_UNUSED_VARIABLE = YES;
				IPHONEOS_DEPLOYMENT_TARGET = 9.0;
				MTL_ENABLE_DEBUG_INFO = NO;
				SDKROOT = iphoneos;
				VALIDATE_PRODUCT = YES;
			};
			name = Release;
		};
		F5867D3D1BC2C84C00B4F516 /* Debug */ = {
			isa = XCBuildConfiguration;
			buildSettings = {
				ASSETCATALOG_COMPILER_APPICON_NAME = AppIcon;
				INFOPLIST_FILE = UIslider1/Info.plist;
				LD_RUNPATH_SEARCH_PATHS = "$(inherited) @executable_path/Frameworks";
				PRODUCT_BUNDLE_IDENTIFIER = baotrung.UIslider1;
				PRODUCT_NAME = "$(TARGET_NAME)";
			};
			name = Debug;
		};
		F5867D3E1BC2C84C00B4F516 /* Release */ = {
			isa = XCBuildConfiguration;
			buildSettings = {
				ASSETCATALOG_COMPILER_APPICON_NAME = AppIcon;
				INFOPLIST_FILE = UIslider1/Info.plist;
				LD_RUNPATH_SEARCH_PATHS = "$(inherited) @executable_path/Frameworks";
				PRODUCT_BUNDLE_IDENTIFIER = baotrung.UIslider1;
				PRODUCT_NAME = "$(TARGET_NAME)";
			};
			name = Release;
		};
		F5867D401BC2C84C00B4F516 /* Debug */ = {
			isa = XCBuildConfiguration;
			buildSettings = {
				BUNDLE_LOADER = "$(TEST_HOST)";
				INFOPLIST_FILE = UIslider1Tests/Info.plist;
				LD_RUNPATH_SEARCH_PATHS = "$(inherited) @executable_path/Frameworks @loader_path/Frameworks";
				PRODUCT_BUNDLE_IDENTIFIER = baotrung.UIslider1Tests;
				PRODUCT_NAME = "$(TARGET_NAME)";
				TEST_HOST = "$(BUILT_PRODUCTS_DIR)/UIslider1.app/UIslider1";
			};
			name = Debug;
		};
		F5867D411BC2C84C00B4F516 /* Release */ = {
			isa = XCBuildConfiguration;
			buildSettings = {
				BUNDLE_LOADER = "$(TEST_HOST)";
				INFOPLIST_FILE = UIslider1Tests/Info.plist;
				LD_RUNPATH_SEARCH_PATHS = "$(inherited) @executable_path/Frameworks @loader_path/Frameworks";
				PRODUCT_BUNDLE_IDENTIFIER = baotrung.UIslider1Tests;
				PRODUCT_NAME = "$(TARGET_NAME)";
				TEST_HOST = "$(BUILT_PRODUCTS_DIR)/UIslider1.app/UIslider1";
			};
			name = Release;
		};
		F5867D431BC2C84C00B4F516 /* Debug */ = {
			isa = XCBuildConfiguration;
			buildSettings = {
				INFOPLIST_FILE = UIslider1UITests/Info.plist;
				LD_RUNPATH_SEARCH_PATHS = "$(inherited) @executable_path/Frameworks @loader_path/Frameworks";
				PRODUCT_BUNDLE_IDENTIFIER = baotrung.UIslider1UITests;
				PRODUCT_NAME = "$(TARGET_NAME)";
				TEST_TARGET_NAME = UIslider1;
				USES_XCTRUNNER = YES;
			};
			name = Debug;
		};
		F5867D441BC2C84C00B4F516 /* Release */ = {
			isa = XCBuildConfiguration;
			buildSettings = {
				INFOPLIST_FILE = UIslider1UITests/Info.plist;
				LD_RUNPATH_SEARCH_PATHS = "$(inherited) @executable_path/Frameworks @loader_path/Frameworks";
				PRODUCT_BUNDLE_IDENTIFIER = baotrung.UIslider1UITests;
				PRODUCT_NAME = "$(TARGET_NAME)";
				TEST_TARGET_NAME = UIslider1;
				USES_XCTRUNNER = YES;
			};
			name = Release;
		};
/* End XCBuildConfiguration section */

/* Begin XCConfigurationList section */
		F5867D0A1BC2C84C00B4F516 /* Build configuration list for PBXProject "UIslider1" */ = {
			isa = XCConfigurationList;
			buildConfigurations = (
				F5867D3A1BC2C84C00B4F516 /* Debug */,
				F5867D3B1BC2C84C00B4F516 /* Release */,
			);
			defaultConfigurationIsVisible = 0;
			defaultConfigurationName = Release;
		};
		F5867D3C1BC2C84C00B4F516 /* Build configuration list for PBXNativeTarget "UIslider1" */ = {
			isa = XCConfigurationList;
			buildConfigurations = (
				F5867D3D1BC2C84C00B4F516 /* Debug */,
				F5867D3E1BC2C84C00B4F516 /* Release */,
			);
			defaultConfigurationIsVisible = 0;
		};
		F5867D3F1BC2C84C00B4F516 /* Build configuration list for PBXNativeTarget "UIslider1Tests" */ = {
			isa = XCConfigurationList;
			buildConfigurations = (
				F5867D401BC2C84C00B4F516 /* Debug */,
				F5867D411BC2C84C00B4F516 /* Release */,
			);
			defaultConfigurationIsVisible = 0;
		};
		F5867D421BC2C84C00B4F516 /* Build configuration list for PBXNativeTarget "UIslider1UITests" */ = {
			isa = XCConfigurationList;
			buildConfigurations = (
				F5867D431BC2C84C00B4F516 /* Debug */,
				F5867D441BC2C84C00B4F516 /* Release */,
			);
			defaultConfigurationIsVisible = 0;
		};
/* End XCConfigurationList section */
	};
	rootObject = F5867D071BC2C84C00B4F516 /* Project object */;
}
